// !$*UTF8*$!
{
	archiveVersion = 1;
	classes = {
	};
	objectVersion = 50;
	objects = {

/* Begin PBXBuildFile section */
		6DA6749B214E0CA600C279D1 /* ZACSearchResultItemTableViewCell.swift in Sources */ = {isa = PBXBuildFile; fileRef = 6DA67499214E0CA600C279D1 /* ZACSearchResultItemTableViewCell.swift */; };
		6DA6749C214E0CA600C279D1 /* ZACSearchResultItemTableViewCell.xib in Resources */ = {isa = PBXBuildFile; fileRef = 6DA6749A214E0CA600C279D1 /* ZACSearchResultItemTableViewCell.xib */; };
		6DA6749F214EDEA000C279D1 /* ZACImageCacher.swift in Sources */ = {isa = PBXBuildFile; fileRef = 6DA6749E214EDEA000C279D1 /* ZACImageCacher.swift */; };
		6DA674A6214F5EEC00C279D1 /* ZACListingAnnotation.swift in Sources */ = {isa = PBXBuildFile; fileRef = 6DA674A5214F5EEC00C279D1 /* ZACListingAnnotation.swift */; };
		6DA674A8214F6D2700C279D1 /* ZACListingAnnotationView.swift in Sources */ = {isa = PBXBuildFile; fileRef = 6DA674A7214F6D2700C279D1 /* ZACListingAnnotationView.swift */; };
		6DA6C798214DB3700053FB0A /* AppDelegate.swift in Sources */ = {isa = PBXBuildFile; fileRef = 6DA6C797214DB3700053FB0A /* AppDelegate.swift */; };
		6DA6C79A214DB3700053FB0A /* ZACRootViewController.swift in Sources */ = {isa = PBXBuildFile; fileRef = 6DA6C799214DB3700053FB0A /* ZACRootViewController.swift */; };
		6DA6C79D214DB3700053FB0A /* Main.storyboard in Resources */ = {isa = PBXBuildFile; fileRef = 6DA6C79B214DB3700053FB0A /* Main.storyboard */; };
		6DA6C7A0214DB3700053FB0A /* ZillowAppChallenge.xcdatamodeld in Sources */ = {isa = PBXBuildFile; fileRef = 6DA6C79E214DB3700053FB0A /* ZillowAppChallenge.xcdatamodeld */; };
		6DA6C7A2214DB3710053FB0A /* Assets.xcassets in Resources */ = {isa = PBXBuildFile; fileRef = 6DA6C7A1214DB3710053FB0A /* Assets.xcassets */; };
		6DA6C7A5214DB3710053FB0A /* LaunchScreen.storyboard in Resources */ = {isa = PBXBuildFile; fileRef = 6DA6C7A3214DB3710053FB0A /* LaunchScreen.storyboard */; };
		6DA6C7B0214DB3710053FB0A /* ZillowAppChallengeTests.swift in Sources */ = {isa = PBXBuildFile; fileRef = 6DA6C7AF214DB3710053FB0A /* ZillowAppChallengeTests.swift */; };
		6DA6C7BB214DB3710053FB0A /* ZillowAppChallengeUITests.swift in Sources */ = {isa = PBXBuildFile; fileRef = 6DA6C7BA214DB3710053FB0A /* ZillowAppChallengeUITests.swift */; };
		6DA6C7C9214DBA990053FB0A /* InterviewChallenge.xcassets in Resources */ = {isa = PBXBuildFile; fileRef = 6DA6C7C8214DBA990053FB0A /* InterviewChallenge.xcassets */; };
		6DA6C7CC214DBD400053FB0A /* ZACNetworkManager.swift in Sources */ = {isa = PBXBuildFile; fileRef = 6DA6C7CB214DBD400053FB0A /* ZACNetworkManager.swift */; };
		6DA6C7CF214DECD00053FB0A /* ZACSearchResultItem.swift in Sources */ = {isa = PBXBuildFile; fileRef = 6DA6C7CE214DECD00053FB0A /* ZACSearchResultItem.swift */; };
/* End PBXBuildFile section */

/* Begin PBXContainerItemProxy section */
		6DA6C7AC214DB3710053FB0A /* PBXContainerItemProxy */ = {
			isa = PBXContainerItemProxy;
			containerPortal = 6DA6C78C214DB36F0053FB0A /* Project object */;
			proxyType = 1;
			remoteGlobalIDString = 6DA6C793214DB36F0053FB0A;
			remoteInfo = ZillowAppChallenge;
		};
		6DA6C7B7214DB3710053FB0A /* PBXContainerItemProxy */ = {
			isa = PBXContainerItemProxy;
			containerPortal = 6DA6C78C214DB36F0053FB0A /* Project object */;
			proxyType = 1;
			remoteGlobalIDString = 6DA6C793214DB36F0053FB0A;
			remoteInfo = ZillowAppChallenge;
		};
/* End PBXContainerItemProxy section */

/* Begin PBXFileReference section */
		6DA67499214E0CA600C279D1 /* ZACSearchResultItemTableViewCell.swift */ = {isa = PBXFileReference; lastKnownFileType = sourcecode.swift; path = ZACSearchResultItemTableViewCell.swift; sourceTree = "<group>"; };
		6DA6749A214E0CA600C279D1 /* ZACSearchResultItemTableViewCell.xib */ = {isa = PBXFileReference; lastKnownFileType = file.xib; path = ZACSearchResultItemTableViewCell.xib; sourceTree = "<group>"; };
		6DA6749E214EDEA000C279D1 /* ZACImageCacher.swift */ = {isa = PBXFileReference; lastKnownFileType = sourcecode.swift; path = ZACImageCacher.swift; sourceTree = "<group>"; };
		6DA674A0214F205A00C279D1 /* ZillowAppChallenge-Bridging-Header.h */ = {isa = PBXFileReference; lastKnownFileType = sourcecode.c.h; path = "ZillowAppChallenge-Bridging-Header.h"; sourceTree = "<group>"; };
		6DA674A5214F5EEC00C279D1 /* ZACListingAnnotation.swift */ = {isa = PBXFileReference; lastKnownFileType = sourcecode.swift; path = ZACListingAnnotation.swift; sourceTree = "<group>"; };
		6DA674A7214F6D2700C279D1 /* ZACListingAnnotationView.swift */ = {isa = PBXFileReference; lastKnownFileType = sourcecode.swift; path = ZACListingAnnotationView.swift; sourceTree = "<group>"; };
		6DA6C794214DB3700053FB0A /* ZillowAppChallenge.app */ = {isa = PBXFileReference; explicitFileType = wrapper.application; includeInIndex = 0; path = ZillowAppChallenge.app; sourceTree = BUILT_PRODUCTS_DIR; };
		6DA6C797214DB3700053FB0A /* AppDelegate.swift */ = {isa = PBXFileReference; lastKnownFileType = sourcecode.swift; path = AppDelegate.swift; sourceTree = "<group>"; };
		6DA6C799214DB3700053FB0A /* ZACRootViewController.swift */ = {isa = PBXFileReference; lastKnownFileType = sourcecode.swift; path = ZACRootViewController.swift; sourceTree = "<group>"; };
		6DA6C79C214DB3700053FB0A /* Base */ = {isa = PBXFileReference; lastKnownFileType = file.storyboard; name = Base; path = Base.lproj/Main.storyboard; sourceTree = "<group>"; };
		6DA6C79F214DB3700053FB0A /* ZillowAppChallenge.xcdatamodel */ = {isa = PBXFileReference; lastKnownFileType = wrapper.xcdatamodel; path = ZillowAppChallenge.xcdatamodel; sourceTree = "<group>"; };
		6DA6C7A1214DB3710053FB0A /* Assets.xcassets */ = {isa = PBXFileReference; lastKnownFileType = folder.assetcatalog; path = Assets.xcassets; sourceTree = "<group>"; };
		6DA6C7A4214DB3710053FB0A /* Base */ = {isa = PBXFileReference; lastKnownFileType = file.storyboard; name = Base; path = Base.lproj/LaunchScreen.storyboard; sourceTree = "<group>"; };
		6DA6C7A6214DB3710053FB0A /* Info.plist */ = {isa = PBXFileReference; lastKnownFileType = text.plist.xml; path = Info.plist; sourceTree = "<group>"; };
		6DA6C7AB214DB3710053FB0A /* ZillowAppChallengeTests.xctest */ = {isa = PBXFileReference; explicitFileType = wrapper.cfbundle; includeInIndex = 0; path = ZillowAppChallengeTests.xctest; sourceTree = BUILT_PRODUCTS_DIR; };
		6DA6C7AF214DB3710053FB0A /* ZillowAppChallengeTests.swift */ = {isa = PBXFileReference; lastKnownFileType = sourcecode.swift; path = ZillowAppChallengeTests.swift; sourceTree = "<group>"; };
		6DA6C7B1214DB3710053FB0A /* Info.plist */ = {isa = PBXFileReference; lastKnownFileType = text.plist.xml; path = Info.plist; sourceTree = "<group>"; };
		6DA6C7B6214DB3710053FB0A /* ZillowAppChallengeUITests.xctest */ = {isa = PBXFileReference; explicitFileType = wrapper.cfbundle; includeInIndex = 0; path = ZillowAppChallengeUITests.xctest; sourceTree = BUILT_PRODUCTS_DIR; };
		6DA6C7BA214DB3710053FB0A /* ZillowAppChallengeUITests.swift */ = {isa = PBXFileReference; lastKnownFileType = sourcecode.swift; path = ZillowAppChallengeUITests.swift; sourceTree = "<group>"; };
		6DA6C7BC214DB3710053FB0A /* Info.plist */ = {isa = PBXFileReference; lastKnownFileType = text.plist.xml; path = Info.plist; sourceTree = "<group>"; };
		6DA6C7C8214DBA990053FB0A /* InterviewChallenge.xcassets */ = {isa = PBXFileReference; lastKnownFileType = folder.assetcatalog; path = InterviewChallenge.xcassets; sourceTree = "<group>"; };
		6DA6C7CB214DBD400053FB0A /* ZACNetworkManager.swift */ = {isa = PBXFileReference; lastKnownFileType = sourcecode.swift; path = ZACNetworkManager.swift; sourceTree = "<group>"; };
		6DA6C7CE214DECD00053FB0A /* ZACSearchResultItem.swift */ = {isa = PBXFileReference; lastKnownFileType = sourcecode.swift; path = ZACSearchResultItem.swift; sourceTree = "<group>"; };
/* End PBXFileReference section */

/* Begin PBXFrameworksBuildPhase section */
		6DA6C791214DB36F0053FB0A /* Frameworks */ = {
			isa = PBXFrameworksBuildPhase;
			buildActionMask = 2147483647;
			files = (
			);
			runOnlyForDeploymentPostprocessing = 0;
		};
		6DA6C7A8214DB3710053FB0A /* Frameworks */ = {
			isa = PBXFrameworksBuildPhase;
			buildActionMask = 2147483647;
			files = (
			);
			runOnlyForDeploymentPostprocessing = 0;
		};
		6DA6C7B3214DB3710053FB0A /* Frameworks */ = {
			isa = PBXFrameworksBuildPhase;
			buildActionMask = 2147483647;
			files = (
			);
			runOnlyForDeploymentPostprocessing = 0;
		};
/* End PBXFrameworksBuildPhase section */

/* Begin PBXGroup section */
		6DA67498214DFC2C00C279D1 /* ControllersAndViews */ = {
			isa = PBXGroup;
			children = (
				6DA6C799214DB3700053FB0A /* ZACRootViewController.swift */,
				6DA674A4214F5ECC00C279D1 /* MapAnnotationView */,
				6DA6749D214E0CAA00C279D1 /* TableViewCell */,
			);
			path = ControllersAndViews;
			sourceTree = "<group>";
		};
		6DA6749D214E0CAA00C279D1 /* TableViewCell */ = {
			isa = PBXGroup;
			children = (
				6DA67499214E0CA600C279D1 /* ZACSearchResultItemTableViewCell.swift */,
				6DA6749A214E0CA600C279D1 /* ZACSearchResultItemTableViewCell.xib */,
			);
			path = TableViewCell;
			sourceTree = "<group>";
		};
		6DA674A4214F5ECC00C279D1 /* MapAnnotationView */ = {
			isa = PBXGroup;
			children = (
				6DA674A7214F6D2700C279D1 /* ZACListingAnnotationView.swift */,
			);
			path = MapAnnotationView;
			sourceTree = "<group>";
		};
		6DA6C78B214DB36F0053FB0A = {
			isa = PBXGroup;
			children = (
				6DA6C796214DB3700053FB0A /* ZillowAppChallenge */,
				6DA6C7AE214DB3710053FB0A /* ZillowAppChallengeTests */,
				6DA6C7B9214DB3710053FB0A /* ZillowAppChallengeUITests */,
				6DA6C795214DB3700053FB0A /* Products */,
			);
			sourceTree = "<group>";
		};
		6DA6C795214DB3700053FB0A /* Products */ = {
			isa = PBXGroup;
			children = (
				6DA6C794214DB3700053FB0A /* ZillowAppChallenge.app */,
				6DA6C7AB214DB3710053FB0A /* ZillowAppChallengeTests.xctest */,
				6DA6C7B6214DB3710053FB0A /* ZillowAppChallengeUITests.xctest */,
			);
			name = Products;
			sourceTree = "<group>";
		};
		6DA6C796214DB3700053FB0A /* ZillowAppChallenge */ = {
			isa = PBXGroup;
			children = (
				6DA6C7CA214DBCEB0053FB0A /* Networking */,
				6DA6C7CD214DEC2E0053FB0A /* Models */,
				6DA67498214DFC2C00C279D1 /* ControllersAndViews */,
				6DA6C797214DB3700053FB0A /* AppDelegate.swift */,
				6DA6C79B214DB3700053FB0A /* Main.storyboard */,
				6DA6C7A1214DB3710053FB0A /* Assets.xcassets */,
				6DA6C7C8214DBA990053FB0A /* InterviewChallenge.xcassets */,
				6DA6C7A3214DB3710053FB0A /* LaunchScreen.storyboard */,
				6DA6C7A6214DB3710053FB0A /* Info.plist */,
				6DA6C79E214DB3700053FB0A /* ZillowAppChallenge.xcdatamodeld */,
				6DA674A0214F205A00C279D1 /* ZillowAppChallenge-Bridging-Header.h */,
			);
			path = ZillowAppChallenge;
			sourceTree = "<group>";
		};
		6DA6C7AE214DB3710053FB0A /* ZillowAppChallengeTests */ = {
			isa = PBXGroup;
			children = (
				6DA6C7AF214DB3710053FB0A /* ZillowAppChallengeTests.swift */,
				6DA6C7B1214DB3710053FB0A /* Info.plist */,
			);
			path = ZillowAppChallengeTests;
			sourceTree = "<group>";
		};
		6DA6C7B9214DB3710053FB0A /* ZillowAppChallengeUITests */ = {
			isa = PBXGroup;
			children = (
				6DA6C7BA214DB3710053FB0A /* ZillowAppChallengeUITests.swift */,
				6DA6C7BC214DB3710053FB0A /* Info.plist */,
			);
			path = ZillowAppChallengeUITests;
			sourceTree = "<group>";
		};
		6DA6C7CA214DBCEB0053FB0A /* Networking */ = {
			isa = PBXGroup;
			children = (
				6DA6C7CB214DBD400053FB0A /* ZACNetworkManager.swift */,
				6DA6749E214EDEA000C279D1 /* ZACImageCacher.swift */,
			);
			path = Networking;
			sourceTree = "<group>";
		};
		6DA6C7CD214DEC2E0053FB0A /* Models */ = {
			isa = PBXGroup;
			children = (
				6DA674A5214F5EEC00C279D1 /* ZACListingAnnotation.swift */,
				6DA6C7CE214DECD00053FB0A /* ZACSearchResultItem.swift */,
			);
			path = Models;
			sourceTree = "<group>";
		};
/* End PBXGroup section */

/* Begin PBXNativeTarget section */
		6DA6C793214DB36F0053FB0A /* ZillowAppChallenge */ = {
			isa = PBXNativeTarget;
			buildConfigurationList = 6DA6C7BF214DB3710053FB0A /* Build configuration list for PBXNativeTarget "ZillowAppChallenge" */;
			buildPhases = (
				6DA6C790214DB36F0053FB0A /* Sources */,
				6DA6C791214DB36F0053FB0A /* Frameworks */,
				6DA6C792214DB36F0053FB0A /* Resources */,
			);
			buildRules = (
			);
			dependencies = (
			);
			name = ZillowAppChallenge;
			productName = ZillowAppChallenge;
			productReference = 6DA6C794214DB3700053FB0A /* ZillowAppChallenge.app */;
			productType = "com.apple.product-type.application";
		};
		6DA6C7AA214DB3710053FB0A /* ZillowAppChallengeTests */ = {
			isa = PBXNativeTarget;
			buildConfigurationList = 6DA6C7C2214DB3710053FB0A /* Build configuration list for PBXNativeTarget "ZillowAppChallengeTests" */;
			buildPhases = (
				6DA6C7A7214DB3710053FB0A /* Sources */,
				6DA6C7A8214DB3710053FB0A /* Frameworks */,
				6DA6C7A9214DB3710053FB0A /* Resources */,
			);
			buildRules = (
			);
			dependencies = (
				6DA6C7AD214DB3710053FB0A /* PBXTargetDependency */,
			);
			name = ZillowAppChallengeTests;
			productName = ZillowAppChallengeTests;
			productReference = 6DA6C7AB214DB3710053FB0A /* ZillowAppChallengeTests.xctest */;
			productType = "com.apple.product-type.bundle.unit-test";
		};
		6DA6C7B5214DB3710053FB0A /* ZillowAppChallengeUITests */ = {
			isa = PBXNativeTarget;
			buildConfigurationList = 6DA6C7C5214DB3710053FB0A /* Build configuration list for PBXNativeTarget "ZillowAppChallengeUITests" */;
			buildPhases = (
				6DA6C7B2214DB3710053FB0A /* Sources */,
				6DA6C7B3214DB3710053FB0A /* Frameworks */,
				6DA6C7B4214DB3710053FB0A /* Resources */,
			);
			buildRules = (
			);
			dependencies = (
				6DA6C7B8214DB3710053FB0A /* PBXTargetDependency */,
			);
			name = ZillowAppChallengeUITests;
			productName = ZillowAppChallengeUITests;
			productReference = 6DA6C7B6214DB3710053FB0A /* ZillowAppChallengeUITests.xctest */;
			productType = "com.apple.product-type.bundle.ui-testing";
		};
/* End PBXNativeTarget section */

/* Begin PBXProject section */
		6DA6C78C214DB36F0053FB0A /* Project object */ = {
			isa = PBXProject;
			attributes = {
				LastSwiftUpdateCheck = 0940;
				LastUpgradeCheck = 0940;
				ORGANIZATIONNAME = "Kai Zou";
				TargetAttributes = {
					6DA6C793214DB36F0053FB0A = {
						CreatedOnToolsVersion = 9.4.1;
						LastSwiftMigration = 0940;
					};
					6DA6C7AA214DB3710053FB0A = {
						CreatedOnToolsVersion = 9.4.1;
						TestTargetID = 6DA6C793214DB36F0053FB0A;
					};
					6DA6C7B5214DB3710053FB0A = {
						CreatedOnToolsVersion = 9.4.1;
						TestTargetID = 6DA6C793214DB36F0053FB0A;
					};
				};
			};
			buildConfigurationList = 6DA6C78F214DB36F0053FB0A /* Build configuration list for PBXProject "ZillowAppChallenge" */;
			compatibilityVersion = "Xcode 9.3";
			developmentRegion = en;
			hasScannedForEncodings = 0;
			knownRegions = (
				en,
				Base,
			);
			mainGroup = 6DA6C78B214DB36F0053FB0A;
			productRefGroup = 6DA6C795214DB3700053FB0A /* Products */;
			projectDirPath = "";
			projectRoot = "";
			targets = (
				6DA6C793214DB36F0053FB0A /* ZillowAppChallenge */,
				6DA6C7AA214DB3710053FB0A /* ZillowAppChallengeTests */,
				6DA6C7B5214DB3710053FB0A /* ZillowAppChallengeUITests */,
			);
		};
/* End PBXProject section */

/* Begin PBXResourcesBuildPhase section */
		6DA6C792214DB36F0053FB0A /* Resources */ = {
			isa = PBXResourcesBuildPhase;
			buildActionMask = 2147483647;
			files = (
				6DA6C7A5214DB3710053FB0A /* LaunchScreen.storyboard in Resources */,
				6DA6749C214E0CA600C279D1 /* ZACSearchResultItemTableViewCell.xib in Resources */,
				6DA6C7A2214DB3710053FB0A /* Assets.xcassets in Resources */,
				6DA6C79D214DB3700053FB0A /* Main.storyboard in Resources */,
				6DA6C7C9214DBA990053FB0A /* InterviewChallenge.xcassets in Resources */,
			);
			runOnlyForDeploymentPostprocessing = 0;
		};
		6DA6C7A9214DB3710053FB0A /* Resources */ = {
			isa = PBXResourcesBuildPhase;
			buildActionMask = 2147483647;
			files = (
			);
			runOnlyForDeploymentPostprocessing = 0;
		};
		6DA6C7B4214DB3710053FB0A /* Resources */ = {
			isa = PBXResourcesBuildPhase;
			buildActionMask = 2147483647;
			files = (
			);
			runOnlyForDeploymentPostprocessing = 0;
		};
/* End PBXResourcesBuildPhase section */

/* Begin PBXSourcesBuildPhase section */
		6DA6C790214DB36F0053FB0A /* Sources */ = {
			isa = PBXSourcesBuildPhase;
			buildActionMask = 2147483647;
			files = (
				6DA674A6214F5EEC00C279D1 /* ZACListingAnnotation.swift in Sources */,
				6DA6C7CF214DECD00053FB0A /* ZACSearchResultItem.swift in Sources */,
				6DA6C79A214DB3700053FB0A /* ZACRootViewController.swift in Sources */,
				6DA6749B214E0CA600C279D1 /* ZACSearchResultItemTableViewCell.swift in Sources */,
				6DA674A8214F6D2700C279D1 /* ZACListingAnnotationView.swift in Sources */,
				6DA6C7CC214DBD400053FB0A /* ZACNetworkManager.swift in Sources */,
				6DA6C798214DB3700053FB0A /* AppDelegate.swift in Sources */,
				6DA6749F214EDEA000C279D1 /* ZACImageCacher.swift in Sources */,
				6DA6C7A0214DB3700053FB0A /* ZillowAppChallenge.xcdatamodeld in Sources */,
			);
			runOnlyForDeploymentPostprocessing = 0;
		};
		6DA6C7A7214DB3710053FB0A /* Sources */ = {
			isa = PBXSourcesBuildPhase;
			buildActionMask = 2147483647;
			files = (
				6DA6C7B0214DB3710053FB0A /* ZillowAppChallengeTests.swift in Sources */,
			);
			runOnlyForDeploymentPostprocessing = 0;
		};
		6DA6C7B2214DB3710053FB0A /* Sources */ = {
			isa = PBXSourcesBuildPhase;
			buildActionMask = 2147483647;
			files = (
				6DA6C7BB214DB3710053FB0A /* ZillowAppChallengeUITests.swift in Sources */,
			);
			runOnlyForDeploymentPostprocessing = 0;
		};
/* End PBXSourcesBuildPhase section */

/* Begin PBXTargetDependency section */
		6DA6C7AD214DB3710053FB0A /* PBXTargetDependency */ = {
			isa = PBXTargetDependency;
			target = 6DA6C793214DB36F0053FB0A /* ZillowAppChallenge */;
			targetProxy = 6DA6C7AC214DB3710053FB0A /* PBXContainerItemProxy */;
		};
		6DA6C7B8214DB3710053FB0A /* PBXTargetDependency */ = {
			isa = PBXTargetDependency;
			target = 6DA6C793214DB36F0053FB0A /* ZillowAppChallenge */;
			targetProxy = 6DA6C7B7214DB3710053FB0A /* PBXContainerItemProxy */;
		};
/* End PBXTargetDependency section */

/* Begin PBXVariantGroup section */
		6DA6C79B214DB3700053FB0A /* Main.storyboard */ = {
			isa = PBXVariantGroup;
			children = (
				6DA6C79C214DB3700053FB0A /* Base */,
			);
			name = Main.storyboard;
			sourceTree = "<group>";
		};
		6DA6C7A3214DB3710053FB0A /* LaunchScreen.storyboard */ = {
			isa = PBXVariantGroup;
			children = (
				6DA6C7A4214DB3710053FB0A /* Base */,
			);
			name = LaunchScreen.storyboard;
			sourceTree = "<group>";
		};
/* End PBXVariantGroup section */

/* Begin XCBuildConfiguration section */
		6DA6C7BD214DB3710053FB0A /* Debug */ = {
			isa = XCBuildConfiguration;
			buildSettings = {
				ALWAYS_SEARCH_USER_PATHS = NO;
				CLANG_ANALYZER_NONNULL = YES;
				CLANG_ANALYZER_NUMBER_OBJECT_CONVERSION = YES_AGGRESSIVE;
				CLANG_CXX_LANGUAGE_STANDARD = "gnu++14";
				CLANG_CXX_LIBRARY = "libc++";
				CLANG_ENABLE_MODULES = YES;
				CLANG_ENABLE_OBJC_ARC = YES;
				CLANG_ENABLE_OBJC_WEAK = YES;
				CLANG_WARN_BLOCK_CAPTURE_AUTORELEASING = YES;
				CLANG_WARN_BOOL_CONVERSION = YES;
				CLANG_WARN_COMMA = YES;
				CLANG_WARN_CONSTANT_CONVERSION = YES;
				CLANG_WARN_DEPRECATED_OBJC_IMPLEMENTATIONS = YES;
				CLANG_WARN_DIRECT_OBJC_ISA_USAGE = YES_ERROR;
				CLANG_WARN_DOCUMENTATION_COMMENTS = YES;
				CLANG_WARN_EMPTY_BODY = YES;
				CLANG_WARN_ENUM_CONVERSION = YES;
				CLANG_WARN_INFINITE_RECURSION = YES;
				CLANG_WARN_INT_CONVERSION = YES;
				CLANG_WARN_NON_LITERAL_NULL_CONVERSION = YES;
				CLANG_WARN_OBJC_IMPLICIT_RETAIN_SELF = YES;
				CLANG_WARN_OBJC_LITERAL_CONVERSION = YES;
				CLANG_WARN_OBJC_ROOT_CLASS = YES_ERROR;
				CLANG_WARN_RANGE_LOOP_ANALYSIS = YES;
				CLANG_WARN_STRICT_PROTOTYPES = YES;
				CLANG_WARN_SUSPICIOUS_MOVE = YES;
				CLANG_WARN_UNGUARDED_AVAILABILITY = YES_AGGRESSIVE;
				CLANG_WARN_UNREACHABLE_CODE = YES;
				CLANG_WARN__DUPLICATE_METHOD_MATCH = YES;
				CODE_SIGN_IDENTITY = "iPhone Developer";
				COPY_PHASE_STRIP = NO;
				DEBUG_INFORMATION_FORMAT = dwarf;
				ENABLE_STRICT_OBJC_MSGSEND = YES;
				ENABLE_TESTABILITY = YES;
				GCC_C_LANGUAGE_STANDARD = gnu11;
				GCC_DYNAMIC_NO_PIC = NO;
				GCC_NO_COMMON_BLOCKS = YES;
				GCC_OPTIMIZATION_LEVEL = 0;
				GCC_PREPROCESSOR_DEFINITIONS = (
					"DEBUG=1",
					"$(inherited)",
				);
				GCC_WARN_64_TO_32_BIT_CONVERSION = YES;
				GCC_WARN_ABOUT_RETURN_TYPE = YES_ERROR;
				GCC_WARN_UNDECLARED_SELECTOR = YES;
				GCC_WARN_UNINITIALIZED_AUTOS = YES_AGGRESSIVE;
				GCC_WARN_UNUSED_FUNCTION = YES;
				GCC_WARN_UNUSED_VARIABLE = YES;
				IPHONEOS_DEPLOYMENT_TARGET = 11.4;
				MTL_ENABLE_DEBUG_INFO = YES;
				ONLY_ACTIVE_ARCH = YES;
				SDKROOT = iphoneos;
				SWIFT_ACTIVE_COMPILATION_CONDITIONS = DEBUG;
				SWIFT_OPTIMIZATION_LEVEL = "-Onone";
			};
			name = Debug;
		};
		6DA6C7BE214DB3710053FB0A /* Release */ = {
			isa = XCBuildConfiguration;
			buildSettings = {
				ALWAYS_SEARCH_USER_PATHS = NO;
				CLANG_ANALYZER_NONNULL = YES;
				CLANG_ANALYZER_NUMBER_OBJECT_CONVERSION = YES_AGGRESSIVE;
				CLANG_CXX_LANGUAGE_STANDARD = "gnu++14";
				CLANG_CXX_LIBRARY = "libc++";
				CLANG_ENABLE_MODULES = YES;
				CLANG_ENABLE_OBJC_ARC = YES;
				CLANG_ENABLE_OBJC_WEAK = YES;
				CLANG_WARN_BLOCK_CAPTURE_AUTORELEASING = YES;
				CLANG_WARN_BOOL_CONVERSION = YES;
				CLANG_WARN_COMMA = YES;
				CLANG_WARN_CONSTANT_CONVERSION = YES;
				CLANG_WARN_DEPRECATED_OBJC_IMPLEMENTATIONS = YES;
				CLANG_WARN_DIRECT_OBJC_ISA_USAGE = YES_ERROR;
				CLANG_WARN_DOCUMENTATION_COMMENTS = YES;
				CLANG_WARN_EMPTY_BODY = YES;
				CLANG_WARN_ENUM_CONVERSION = YES;
				CLANG_WARN_INFINITE_RECURSION = YES;
				CLANG_WARN_INT_CONVERSION = YES;
				CLANG_WARN_NON_LITERAL_NULL_CONVERSION = YES;
				CLANG_WARN_OBJC_IMPLICIT_RETAIN_SELF = YES;
				CLANG_WARN_OBJC_LITERAL_CONVERSION = YES;
				CLANG_WARN_OBJC_ROOT_CLASS = YES_ERROR;
				CLANG_WARN_RANGE_LOOP_ANALYSIS = YES;
				CLANG_WARN_STRICT_PROTOTYPES = YES;
				CLANG_WARN_SUSPICIOUS_MOVE = YES;
				CLANG_WARN_UNGUARDED_AVAILABILITY = YES_AGGRESSIVE;
				CLANG_WARN_UNREACHABLE_CODE = YES;
				CLANG_WARN__DUPLICATE_METHOD_MATCH = YES;
				CODE_SIGN_IDENTITY = "iPhone Developer";
				COPY_PHASE_STRIP = NO;
				DEBUG_INFORMATION_FORMAT = "dwarf-with-dsym";
				ENABLE_NS_ASSERTIONS = NO;
				ENABLE_STRICT_OBJC_MSGSEND = YES;
				GCC_C_LANGUAGE_STANDARD = gnu11;
				GCC_NO_COMMON_BLOCKS = YES;
				GCC_WARN_64_TO_32_BIT_CONVERSION = YES;
				GCC_WARN_ABOUT_RETURN_TYPE = YES_ERROR;
				GCC_WARN_UNDECLARED_SELECTOR = YES;
				GCC_WARN_UNINITIALIZED_AUTOS = YES_AGGRESSIVE;
				GCC_WARN_UNUSED_FUNCTION = YES;
				GCC_WARN_UNUSED_VARIABLE = YES;
				IPHONEOS_DEPLOYMENT_TARGET = 11.4;
				MTL_ENABLE_DEBUG_INFO = NO;
				SDKROOT = iphoneos;
				SWIFT_COMPILATION_MODE = wholemodule;
				SWIFT_OPTIMIZATION_LEVEL = "-O";
				VALIDATE_PRODUCT = YES;
			};
			name = Release;
		};
		6DA6C7C0214DB3710053FB0A /* Debug */ = {
			isa = XCBuildConfiguration;
			buildSettings = {
				ASSETCATALOG_COMPILER_APPICON_NAME = AppIcon;
				CLANG_ENABLE_MODULES = YES;
				CODE_SIGN_STYLE = Automatic;
				INFOPLIST_FILE = ZillowAppChallenge/Info.plist;
				LD_RUNPATH_SEARCH_PATHS = (
					"$(inherited)",
					"@executable_path/Frameworks",
				);
				PRODUCT_BUNDLE_IDENTIFIER = com.kaizou.ZillowAppChallenge;
				PRODUCT_NAME = "$(TARGET_NAME)";
				SWIFT_OBJC_BRIDGING_HEADER = "ZillowAppChallenge/ZillowAppChallenge-Bridging-Header.h";
				SWIFT_OPTIMIZATION_LEVEL = "-Onone";
				SWIFT_VERSION = 4.0;
				TARGETED_DEVICE_FAMILY = "1,2";
			};
			name = Debug;
		};
		6DA6C7C1214DB3710053FB0A /* Release */ = {
			isa = XCBuildConfiguration;
			buildSettings = {
				ASSETCATALOG_COMPILER_APPICON_NAME = AppIcon;
				CLANG_ENABLE_MODULES = YES;
				CODE_SIGN_STYLE = Automatic;
				INFOPLIST_FILE = ZillowAppChallenge/Info.plist;
				LD_RUNPATH_SEARCH_PATHS = (
					"$(inherited)",
					"@executable_path/Frameworks",
				);
				PRODUCT_BUNDLE_IDENTIFIER = com.kaizou.ZillowAppChallenge;
				PRODUCT_NAME = "$(TARGET_NAME)";
				SWIFT_OBJC_BRIDGING_HEADER = "ZillowAppChallenge/ZillowAppChallenge-Bridging-Header.h";
				SWIFT_VERSION = 4.0;
				TARGETED_DEVICE_FAMILY = "1,2";
			};
			name = Release;
		};
		6DA6C7C3214DB3710053FB0A /* Debug */ = {
			isa = XCBuildConfiguration;
			buildSettings = {
				ALWAYS_EMBED_SWIFT_STANDARD_LIBRARIES = YES;
				BUNDLE_LOADER = "$(TEST_HOST)";
				CODE_SIGN_STYLE = Automatic;
				INFOPLIST_FILE = ZillowAppChallengeTests/Info.plist;
				LD_RUNPATH_SEARCH_PATHS = (
					"$(inherited)",
					"@executable_path/Frameworks",
					"@loader_path/Frameworks",
				);
				PRODUCT_BUNDLE_IDENTIFIER = com.kaizou.ZillowAppChallengeTests;
				PRODUCT_NAME = "$(TARGET_NAME)";
				SWIFT_VERSION = 4.0;
				TARGETED_DEVICE_FAMILY = "1,2";
				TEST_HOST = "$(BUILT_PRODUCTS_DIR)/ZillowAppChallenge.app/ZillowAppChallenge";
			};
			name = Debug;
		};
		6DA6C7C4214DB3710053FB0A /* Release */ = {
			isa = XCBuildConfiguration;
			buildSettings = {
				ALWAYS_EMBED_SWIFT_STANDARD_LIBRARIES = YES;
				BUNDLE_LOADER = "$(TEST_HOST)";
				CODE_SIGN_STYLE = Automatic;
				INFOPLIST_FILE = ZillowAppChallengeTests/Info.plist;
				LD_RUNPATH_SEARCH_PATHS = (
					"$(inherited)",
					"@executable_path/Frameworks",
					"@loader_path/Frameworks",
				);
				PRODUCT_BUNDLE_IDENTIFIER = com.kaizou.ZillowAppChallengeTests;
				PRODUCT_NAME = "$(TARGET_NAME)";
				SWIFT_VERSION = 4.0;
				TARGETED_DEVICE_FAMILY = "1,2";
				TEST_HOST = "$(BUILT_PRODUCTS_DIR)/ZillowAppChallenge.app/ZillowAppChallenge";
			};
			name = Release;
		};
		6DA6C7C6214DB3710053FB0A /* Debug */ = {
			isa = XCBuildConfiguration;
			buildSettings = {
				ALWAYS_EMBED_SWIFT_STANDARD_LIBRARIES = YES;
				CODE_SIGN_STYLE = Automatic;
				INFOPLIST_FILE = ZillowAppChallengeUITests/Info.plist;
				LD_RUNPATH_SEARCH_PATHS = (
					"$(inherited)",
					"@executable_path/Frameworks",
					"@loader_path/Frameworks",
				);
				PRODUCT_BUNDLE_IDENTIFIER = com.kaizou.ZillowAppChallengeUITests;
				PRODUCT_NAME = "$(TARGET_NAME)";
				SWIFT_VERSION = 4.0;
				TARGETED_DEVICE_FAMILY = "1,2";
				TEST_TARGET_NAME = ZillowAppChallenge;
			};
			name = Debug;
		};
		6DA6C7C7214DB3710053FB0A /* Release */ = {
			isa = XCBuildConfiguration;
			buildSettings = {
				ALWAYS_EMBED_SWIFT_STANDARD_LIBRARIES = YES;
				CODE_SIGN_STYLE = Automatic;
				INFOPLIST_FILE = ZillowAppChallengeUITests/Info.plist;
				LD_RUNPATH_SEARCH_PATHS = (
					"$(inherited)",
					"@executable_path/Frameworks",
					"@loader_path/Frameworks",
				);
				PRODUCT_BUNDLE_IDENTIFIER = com.kaizou.ZillowAppChallengeUITests;
				PRODUCT_NAME = "$(TARGET_NAME)";
				SWIFT_VERSION = 4.0;
				TARGETED_DEVICE_FAMILY = "1,2";
				TEST_TARGET_NAME = ZillowAppChallenge;
			};
			name = Release;
		};
/* End XCBuildConfiguration section */

/* Begin XCConfigurationList section */
		6DA6C78F214DB36F0053FB0A /* Build configuration list for PBXProject "ZillowAppChallenge" */ = {
			isa = XCConfigurationList;
			buildConfigurations = (
				6DA6C7BD214DB3710053FB0A /* Debug */,
				6DA6C7BE214DB3710053FB0A /* Release */,
			);
			defaultConfigurationIsVisible = 0;
			defaultConfigurationName = Release;
		};
		6DA6C7BF214DB3710053FB0A /* Build configuration list for PBXNativeTarget "ZillowAppChallenge" */ = {
			isa = XCConfigurationList;
			buildConfigurations = (
				6DA6C7C0214DB3710053FB0A /* Debug */,
				6DA6C7C1214DB3710053FB0A /* Release */,
			);
			defaultConfigurationIsVisible = 0;
			defaultConfigurationName = Release;
		};
		6DA6C7C2214DB3710053FB0A /* Build configuration list for PBXNativeTarget "ZillowAppChallengeTests" */ = {
			isa = XCConfigurationList;
			buildConfigurations = (
				6DA6C7C3214DB3710053FB0A /* Debug */,
				6DA6C7C4214DB3710053FB0A /* Release */,
			);
			defaultConfigurationIsVisible = 0;
			defaultConfigurationName = Release;
		};
		6DA6C7C5214DB3710053FB0A /* Build configuration list for PBXNativeTarget "ZillowAppChallengeUITests" */ = {
			isa = XCConfigurationList;
			buildConfigurations = (
				6DA6C7C6214DB3710053FB0A /* Debug */,
				6DA6C7C7214DB3710053FB0A /* Release */,
			);
			defaultConfigurationIsVisible = 0;
			defaultConfigurationName = Release;
		};
/* End XCConfigurationList section */

/* Begin XCVersionGroup section */
		6DA6C79E214DB3700053FB0A /* ZillowAppChallenge.xcdatamodeld */ = {
			isa = XCVersionGroup;
			children = (
				6DA6C79F214DB3700053FB0A /* ZillowAppChallenge.xcdatamodel */,
			);
			currentVersion = 6DA6C79F214DB3700053FB0A /* ZillowAppChallenge.xcdatamodel */;
			path = ZillowAppChallenge.xcdatamodeld;
			sourceTree = "<group>";
			versionGroupType = wrapper.xcdatamodel;
		};
/* End XCVersionGroup section */
	};
	rootObject = 6DA6C78C214DB36F0053FB0A /* Project object */;
}
